
Microsoft Visual Studio Solution File, Format Version 12.00
# Visual Studio Version 16
VisualStudioVersion = 16.0.33328.57
MinimumVisualStudioVersion = 10.0.40219.1
Project("{FAE04EC0-301F-11D3-BF4B-00C04F79EFBC}") = "Orineoguri.Loa.CardUnpack", "Orineoguri.Loa.CardUnpack\Orineoguri.Loa.CardUnpack.csproj", "{D9727D1C-7F2A-4570-A8BC-6B9E640A9C41}"
EndProject
Global
	GlobalSection(SolutionConfigurationPlatforms) = preSolution
		Debug|Any CPU = Debug|Any CPU
		Release|Any CPU = Release|Any CPU
	EndGlobalSection
	GlobalSection(ProjectConfigurationPlatforms) = postSolution
		{D9727D1C-7F2A-4570-A8BC-6B9E640A9C41}.Debug|Any CPU.ActiveCfg = Debug|Any CPU
		{D9727D1C-7F2A-4570-A8BC-6B9E640A9C41}.Debug|Any CPU.Build.0 = Debug|Any CPU
		{D9727D1C-7F2A-4570-A8BC-6B9E640A9C41}.Release|Any CPU.ActiveCfg = Release|Any CPU
		{D9727D1C-7F2A-4570-A8BC-6B9E640A9C41}.Release|Any CPU.Build.0 = Release|Any CPU
	EndGlobalSection
	GlobalSection(SolutionProperties) = preSolution
		HideSolutionNode = FALSE
	EndGlobalSection
	GlobalSection(ExtensibilityGlobals) = postSolution
		SolutionGuid = {33178D4C-238B-4377-9B96-75046EA75CEC}
	EndGlobalSection
EndGlobal
